// !$*UTF8*$!
{
	archiveVersion = 1;
	classes = {
	};
	objectVersion = 55;
	objects = {

/* Begin PBXBuildFile section */
		0F1F9ADA909B2E74779429D0 /* Pods_Corgify.framework in Frameworks */ = {isa = PBXBuildFile; fileRef = 5F7A8462E87B91425FA35210 /* Pods_Corgify.framework */; };
		7E1EB50C29A26519002181A7 /* NewReleasesModel.swift in Sources */ = {isa = PBXBuildFile; fileRef = 7E1EB50B29A26519002181A7 /* NewReleasesModel.swift */; };
		7E1EB50E29A265F2002181A7 /* APIImage.swift in Sources */ = {isa = PBXBuildFile; fileRef = 7E1EB50D29A265F2002181A7 /* APIImage.swift */; };
		7E1EB51029A26B7B002181A7 /* RecommendedGenresModel.swift in Sources */ = {isa = PBXBuildFile; fileRef = 7E1EB50F29A26B7B002181A7 /* RecommendedGenresModel.swift */; };
		7E1EB51229A26EEF002181A7 /* RecomendationsModel.swift in Sources */ = {isa = PBXBuildFile; fileRef = 7E1EB51129A26EEF002181A7 /* RecomendationsModel.swift */; };
		7E1EB51429A270BC002181A7 /* FeaturedPlaylistModel.swift in Sources */ = {isa = PBXBuildFile; fileRef = 7E1EB51329A270BC002181A7 /* FeaturedPlaylistModel.swift */; };
		7E1EB51729A27CEF002181A7 /* NewReleasesCollectionViewCell.swift in Sources */ = {isa = PBXBuildFile; fileRef = 7E1EB51629A27CEF002181A7 /* NewReleasesCollectionViewCell.swift */; };
		7E1EB51929A27D16002181A7 /* FeaturedPlylistCollectionViewCell.swift in Sources */ = {isa = PBXBuildFile; fileRef = 7E1EB51829A27D16002181A7 /* FeaturedPlylistCollectionViewCell.swift */; };
		7E1EB51B29A27D2E002181A7 /* RecommendedTrackCollectionViewCell.swift in Sources */ = {isa = PBXBuildFile; fileRef = 7E1EB51A29A27D2E002181A7 /* RecommendedTrackCollectionViewCell.swift */; };
		7E1EB51D29A27DE6002181A7 /* NewReleasesCellViewModel.swift in Sources */ = {isa = PBXBuildFile; fileRef = 7E1EB51C29A27DE6002181A7 /* NewReleasesCellViewModel.swift */; };
		7E1EB51F29A29076002181A7 /* FeaturedPlaylistCellViewModel.swift in Sources */ = {isa = PBXBuildFile; fileRef = 7E1EB51E29A29076002181A7 /* FeaturedPlaylistCellViewModel.swift */; };
		7E1EB52129A290E0002181A7 /* RecommendedTrackCellViewModel.swift in Sources */ = {isa = PBXBuildFile; fileRef = 7E1EB52029A290E0002181A7 /* RecommendedTrackCellViewModel.swift */; };
		7E9E14FE29CA2C390063AFE5 /* AlbumViewController.swift in Sources */ = {isa = PBXBuildFile; fileRef = 7E9E14FD29CA2C390063AFE5 /* AlbumViewController.swift */; };
		7E9E150029CA2F220063AFE5 /* AlbumDetailsResponse.swift in Sources */ = {isa = PBXBuildFile; fileRef = 7E9E14FF29CA2F220063AFE5 /* AlbumDetailsResponse.swift */; };
		7E9E150229CA31B80063AFE5 /* PlaylistDetailsResponse.swift in Sources */ = {isa = PBXBuildFile; fileRef = 7E9E150129CA31B80063AFE5 /* PlaylistDetailsResponse.swift */; };
		7E9E150429CA389A0063AFE5 /* PlaylistHeaderCollectionReusableView.swift in Sources */ = {isa = PBXBuildFile; fileRef = 7E9E150329CA389A0063AFE5 /* PlaylistHeaderCollectionReusableView.swift */; };
		7E9E150629CA3B190063AFE5 /* PlaylistHeaderViewModel.swift in Sources */ = {isa = PBXBuildFile; fileRef = 7E9E150529CA3B190063AFE5 /* PlaylistHeaderViewModel.swift */; };
		7E9E150829CE46440063AFE5 /* TitleHeaderCollectionReusableView.swift in Sources */ = {isa = PBXBuildFile; fileRef = 7E9E150729CE46440063AFE5 /* TitleHeaderCollectionReusableView.swift */; };
		7E9E150A29CE4BA40063AFE5 /* AlbumTrackCollectionViewCell.swift in Sources */ = {isa = PBXBuildFile; fileRef = 7E9E150929CE4BA40063AFE5 /* AlbumTrackCollectionViewCell.swift */; };
		7E9E150C29CE4C540063AFE5 /* AlbumCollectionViewCellViewModel.swift in Sources */ = {isa = PBXBuildFile; fileRef = 7E9E150B29CE4C540063AFE5 /* AlbumCollectionViewCellViewModel.swift */; };
		7E9E150E29CE4D010063AFE5 /* Extensions.swift in Sources */ = {isa = PBXBuildFile; fileRef = 7E9E150D29CE4D010063AFE5 /* Extensions.swift */; };
		7E9E151029CE54320063AFE5 /* SearchResultsViewController.swift in Sources */ = {isa = PBXBuildFile; fileRef = 7E9E150F29CE54320063AFE5 /* SearchResultsViewController.swift */; };
		7E9E151229CE574F0063AFE5 /* GenreCollectionViewCell.swift in Sources */ = {isa = PBXBuildFile; fileRef = 7E9E151129CE574F0063AFE5 /* GenreCollectionViewCell.swift */; };
		7ED4334D298D62D1004E8AD1 /* AppDelegate.swift in Sources */ = {isa = PBXBuildFile; fileRef = 7ED4334C298D62D1004E8AD1 /* AppDelegate.swift */; };
		7ED4334F298D62D1004E8AD1 /* SceneDelegate.swift in Sources */ = {isa = PBXBuildFile; fileRef = 7ED4334E298D62D1004E8AD1 /* SceneDelegate.swift */; };
		7ED43351298D62D1004E8AD1 /* HomeViewController.swift in Sources */ = {isa = PBXBuildFile; fileRef = 7ED43350298D62D1004E8AD1 /* HomeViewController.swift */; };
		7ED43356298D62D3004E8AD1 /* Assets.xcassets in Resources */ = {isa = PBXBuildFile; fileRef = 7ED43355298D62D3004E8AD1 /* Assets.xcassets */; };
		7ED43359298D62D3004E8AD1 /* LaunchScreen.storyboard in Resources */ = {isa = PBXBuildFile; fileRef = 7ED43357298D62D3004E8AD1 /* LaunchScreen.storyboard */; };
		7ED43367298D65C3004E8AD1 /* TabBarViewController.swift in Sources */ = {isa = PBXBuildFile; fileRef = 7ED43366298D65C3004E8AD1 /* TabBarViewController.swift */; };
		7ED43369298D65F9004E8AD1 /* SearchViewController.swift in Sources */ = {isa = PBXBuildFile; fileRef = 7ED43368298D65F9004E8AD1 /* SearchViewController.swift */; };
		7ED4336B298D6608004E8AD1 /* LibraryViewController.swift in Sources */ = {isa = PBXBuildFile; fileRef = 7ED4336A298D6608004E8AD1 /* LibraryViewController.swift */; };
		7ED4336F298D664F004E8AD1 /* AuthViewController.swift in Sources */ = {isa = PBXBuildFile; fileRef = 7ED4336E298D664E004E8AD1 /* AuthViewController.swift */; };
		7ED43371298D6659004E8AD1 /* WelcomeScreenViewController.swift in Sources */ = {isa = PBXBuildFile; fileRef = 7ED43370298D6659004E8AD1 /* WelcomeScreenViewController.swift */; };
		7ED43373298D6666004E8AD1 /* SettingsViewController.swift in Sources */ = {isa = PBXBuildFile; fileRef = 7ED43372298D6666004E8AD1 /* SettingsViewController.swift */; };
		7ED43375298D6676004E8AD1 /* ProfileViewController.swift in Sources */ = {isa = PBXBuildFile; fileRef = 7ED43374298D6676004E8AD1 /* ProfileViewController.swift */; };
		7ED43377298D667E004E8AD1 /* PlayerViewController.swift in Sources */ = {isa = PBXBuildFile; fileRef = 7ED43376298D667E004E8AD1 /* PlayerViewController.swift */; };
		7ED43379298D668C004E8AD1 /* PlaylistViewController.swift in Sources */ = {isa = PBXBuildFile; fileRef = 7ED43378298D668C004E8AD1 /* PlaylistViewController.swift */; };
		7ED4337D298D66BF004E8AD1 /* AuthManager.swift in Sources */ = {isa = PBXBuildFile; fileRef = 7ED4337C298D66BF004E8AD1 /* AuthManager.swift */; };
		7ED4337F298D66CB004E8AD1 /* APICaller.swift in Sources */ = {isa = PBXBuildFile; fileRef = 7ED4337E298D66CB004E8AD1 /* APICaller.swift */; };
		7ED43381298D66DB004E8AD1 /* HapticsManager.swift in Sources */ = {isa = PBXBuildFile; fileRef = 7ED43380298D66DB004E8AD1 /* HapticsManager.swift */; };
		7ED43383298D66FE004E8AD1 /* PlaylistModel.swift in Sources */ = {isa = PBXBuildFile; fileRef = 7ED43382298D66FE004E8AD1 /* PlaylistModel.swift */; };
		7ED43385298D670A004E8AD1 /* AudioTrack.swift in Sources */ = {isa = PBXBuildFile; fileRef = 7ED43384298D670A004E8AD1 /* AudioTrack.swift */; };
		7ED43387298D6710004E8AD1 /* ArtistModel.swift in Sources */ = {isa = PBXBuildFile; fileRef = 7ED43386298D6710004E8AD1 /* ArtistModel.swift */; };
		7ED43389298D671A004E8AD1 /* UserProfileModel.swift in Sources */ = {isa = PBXBuildFile; fileRef = 7ED43388298D671A004E8AD1 /* UserProfileModel.swift */; };
		7ED4338B298D7BCA004E8AD1 /* AuthResponse.swift in Sources */ = {isa = PBXBuildFile; fileRef = 7ED4338A298D7BCA004E8AD1 /* AuthResponse.swift */; };
		7ED4338D299931A5004E8AD1 /* SettingsModels.swift in Sources */ = {isa = PBXBuildFile; fileRef = 7ED4338C299931A5004E8AD1 /* SettingsModels.swift */; };
/* End PBXBuildFile section */

/* Begin PBXFileReference section */
		0676BC325844387C437DB1F4 /* Pods-Corgify.debug.xcconfig */ = {isa = PBXFileReference; includeInIndex = 1; lastKnownFileType = text.xcconfig; name = "Pods-Corgify.debug.xcconfig"; path = "Target Support Files/Pods-Corgify/Pods-Corgify.debug.xcconfig"; sourceTree = "<group>"; };
		369121501A8A04BB7720986C /* Pods-Corgify.release.xcconfig */ = {isa = PBXFileReference; includeInIndex = 1; lastKnownFileType = text.xcconfig; name = "Pods-Corgify.release.xcconfig"; path = "Target Support Files/Pods-Corgify/Pods-Corgify.release.xcconfig"; sourceTree = "<group>"; };
		5F7A8462E87B91425FA35210 /* Pods_Corgify.framework */ = {isa = PBXFileReference; explicitFileType = wrapper.framework; includeInIndex = 0; path = Pods_Corgify.framework; sourceTree = BUILT_PRODUCTS_DIR; };
		7E1EB50B29A26519002181A7 /* NewReleasesModel.swift */ = {isa = PBXFileReference; lastKnownFileType = sourcecode.swift; path = NewReleasesModel.swift; sourceTree = "<group>"; };
		7E1EB50D29A265F2002181A7 /* APIImage.swift */ = {isa = PBXFileReference; lastKnownFileType = sourcecode.swift; path = APIImage.swift; sourceTree = "<group>"; };
		7E1EB50F29A26B7B002181A7 /* RecommendedGenresModel.swift */ = {isa = PBXFileReference; lastKnownFileType = sourcecode.swift; path = RecommendedGenresModel.swift; sourceTree = "<group>"; };
		7E1EB51129A26EEF002181A7 /* RecomendationsModel.swift */ = {isa = PBXFileReference; lastKnownFileType = sourcecode.swift; path = RecomendationsModel.swift; sourceTree = "<group>"; };
		7E1EB51329A270BC002181A7 /* FeaturedPlaylistModel.swift */ = {isa = PBXFileReference; lastKnownFileType = sourcecode.swift; path = FeaturedPlaylistModel.swift; sourceTree = "<group>"; };
		7E1EB51629A27CEF002181A7 /* NewReleasesCollectionViewCell.swift */ = {isa = PBXFileReference; lastKnownFileType = sourcecode.swift; path = NewReleasesCollectionViewCell.swift; sourceTree = "<group>"; };
		7E1EB51829A27D16002181A7 /* FeaturedPlylistCollectionViewCell.swift */ = {isa = PBXFileReference; lastKnownFileType = sourcecode.swift; path = FeaturedPlylistCollectionViewCell.swift; sourceTree = "<group>"; };
		7E1EB51A29A27D2E002181A7 /* RecommendedTrackCollectionViewCell.swift */ = {isa = PBXFileReference; lastKnownFileType = sourcecode.swift; path = RecommendedTrackCollectionViewCell.swift; sourceTree = "<group>"; };
		7E1EB51C29A27DE6002181A7 /* NewReleasesCellViewModel.swift */ = {isa = PBXFileReference; lastKnownFileType = sourcecode.swift; path = NewReleasesCellViewModel.swift; sourceTree = "<group>"; };
		7E1EB51E29A29076002181A7 /* FeaturedPlaylistCellViewModel.swift */ = {isa = PBXFileReference; lastKnownFileType = sourcecode.swift; path = FeaturedPlaylistCellViewModel.swift; sourceTree = "<group>"; };
		7E1EB52029A290E0002181A7 /* RecommendedTrackCellViewModel.swift */ = {isa = PBXFileReference; lastKnownFileType = sourcecode.swift; path = RecommendedTrackCellViewModel.swift; sourceTree = "<group>"; };
		7E9E14FD29CA2C390063AFE5 /* AlbumViewController.swift */ = {isa = PBXFileReference; lastKnownFileType = sourcecode.swift; path = AlbumViewController.swift; sourceTree = "<group>"; };
		7E9E14FF29CA2F220063AFE5 /* AlbumDetailsResponse.swift */ = {isa = PBXFileReference; lastKnownFileType = sourcecode.swift; path = AlbumDetailsResponse.swift; sourceTree = "<group>"; };
		7E9E150129CA31B80063AFE5 /* PlaylistDetailsResponse.swift */ = {isa = PBXFileReference; lastKnownFileType = sourcecode.swift; path = PlaylistDetailsResponse.swift; sourceTree = "<group>"; };
		7E9E150329CA389A0063AFE5 /* PlaylistHeaderCollectionReusableView.swift */ = {isa = PBXFileReference; lastKnownFileType = sourcecode.swift; path = PlaylistHeaderCollectionReusableView.swift; sourceTree = "<group>"; };
		7E9E150529CA3B190063AFE5 /* PlaylistHeaderViewModel.swift */ = {isa = PBXFileReference; lastKnownFileType = sourcecode.swift; path = PlaylistHeaderViewModel.swift; sourceTree = "<group>"; };
		7E9E150729CE46440063AFE5 /* TitleHeaderCollectionReusableView.swift */ = {isa = PBXFileReference; lastKnownFileType = sourcecode.swift; path = TitleHeaderCollectionReusableView.swift; sourceTree = "<group>"; };
		7E9E150929CE4BA40063AFE5 /* AlbumTrackCollectionViewCell.swift */ = {isa = PBXFileReference; lastKnownFileType = sourcecode.swift; path = AlbumTrackCollectionViewCell.swift; sourceTree = "<group>"; };
		7E9E150B29CE4C540063AFE5 /* AlbumCollectionViewCellViewModel.swift */ = {isa = PBXFileReference; lastKnownFileType = sourcecode.swift; path = AlbumCollectionViewCellViewModel.swift; sourceTree = "<group>"; };
		7E9E150D29CE4D010063AFE5 /* Extensions.swift */ = {isa = PBXFileReference; lastKnownFileType = sourcecode.swift; path = Extensions.swift; sourceTree = "<group>"; };
		7E9E150F29CE54320063AFE5 /* SearchResultsViewController.swift */ = {isa = PBXFileReference; lastKnownFileType = sourcecode.swift; path = SearchResultsViewController.swift; sourceTree = "<group>"; };
		7E9E151129CE574F0063AFE5 /* GenreCollectionViewCell.swift */ = {isa = PBXFileReference; lastKnownFileType = sourcecode.swift; path = GenreCollectionViewCell.swift; sourceTree = "<group>"; };
		7ED43349298D62D1004E8AD1 /* Corgify.app */ = {isa = PBXFileReference; explicitFileType = wrapper.application; includeInIndex = 0; path = Corgify.app; sourceTree = BUILT_PRODUCTS_DIR; };
		7ED4334C298D62D1004E8AD1 /* AppDelegate.swift */ = {isa = PBXFileReference; lastKnownFileType = sourcecode.swift; path = AppDelegate.swift; sourceTree = "<group>"; };
		7ED4334E298D62D1004E8AD1 /* SceneDelegate.swift */ = {isa = PBXFileReference; lastKnownFileType = sourcecode.swift; path = SceneDelegate.swift; sourceTree = "<group>"; };
		7ED43350298D62D1004E8AD1 /* HomeViewController.swift */ = {isa = PBXFileReference; lastKnownFileType = sourcecode.swift; path = HomeViewController.swift; sourceTree = "<group>"; };
		7ED43355298D62D3004E8AD1 /* Assets.xcassets */ = {isa = PBXFileReference; lastKnownFileType = folder.assetcatalog; path = Assets.xcassets; sourceTree = "<group>"; };
		7ED43358298D62D3004E8AD1 /* Base */ = {isa = PBXFileReference; lastKnownFileType = file.storyboard; name = Base; path = Base.lproj/LaunchScreen.storyboard; sourceTree = "<group>"; };
		7ED4335A298D62D3004E8AD1 /* Info.plist */ = {isa = PBXFileReference; lastKnownFileType = text.plist.xml; path = Info.plist; sourceTree = "<group>"; };
		7ED43366298D65C3004E8AD1 /* TabBarViewController.swift */ = {isa = PBXFileReference; lastKnownFileType = sourcecode.swift; path = TabBarViewController.swift; sourceTree = "<group>"; };
		7ED43368298D65F9004E8AD1 /* SearchViewController.swift */ = {isa = PBXFileReference; lastKnownFileType = sourcecode.swift; path = SearchViewController.swift; sourceTree = "<group>"; };
		7ED4336A298D6608004E8AD1 /* LibraryViewController.swift */ = {isa = PBXFileReference; lastKnownFileType = sourcecode.swift; path = LibraryViewController.swift; sourceTree = "<group>"; };
		7ED4336E298D664E004E8AD1 /* AuthViewController.swift */ = {isa = PBXFileReference; lastKnownFileType = sourcecode.swift; path = AuthViewController.swift; sourceTree = "<group>"; };
		7ED43370298D6659004E8AD1 /* WelcomeScreenViewController.swift */ = {isa = PBXFileReference; lastKnownFileType = sourcecode.swift; path = WelcomeScreenViewController.swift; sourceTree = "<group>"; };
		7ED43372298D6666004E8AD1 /* SettingsViewController.swift */ = {isa = PBXFileReference; lastKnownFileType = sourcecode.swift; path = SettingsViewController.swift; sourceTree = "<group>"; };
		7ED43374298D6676004E8AD1 /* ProfileViewController.swift */ = {isa = PBXFileReference; lastKnownFileType = sourcecode.swift; path = ProfileViewController.swift; sourceTree = "<group>"; };
		7ED43376298D667E004E8AD1 /* PlayerViewController.swift */ = {isa = PBXFileReference; lastKnownFileType = sourcecode.swift; path = PlayerViewController.swift; sourceTree = "<group>"; };
		7ED43378298D668C004E8AD1 /* PlaylistViewController.swift */ = {isa = PBXFileReference; lastKnownFileType = sourcecode.swift; path = PlaylistViewController.swift; sourceTree = "<group>"; };
		7ED4337C298D66BF004E8AD1 /* AuthManager.swift */ = {isa = PBXFileReference; lastKnownFileType = sourcecode.swift; path = AuthManager.swift; sourceTree = "<group>"; };
		7ED4337E298D66CB004E8AD1 /* APICaller.swift */ = {isa = PBXFileReference; lastKnownFileType = sourcecode.swift; path = APICaller.swift; sourceTree = "<group>"; };
		7ED43380298D66DB004E8AD1 /* HapticsManager.swift */ = {isa = PBXFileReference; lastKnownFileType = sourcecode.swift; path = HapticsManager.swift; sourceTree = "<group>"; };
		7ED43382298D66FE004E8AD1 /* PlaylistModel.swift */ = {isa = PBXFileReference; lastKnownFileType = sourcecode.swift; path = PlaylistModel.swift; sourceTree = "<group>"; };
		7ED43384298D670A004E8AD1 /* AudioTrack.swift */ = {isa = PBXFileReference; lastKnownFileType = sourcecode.swift; path = AudioTrack.swift; sourceTree = "<group>"; };
		7ED43386298D6710004E8AD1 /* ArtistModel.swift */ = {isa = PBXFileReference; lastKnownFileType = sourcecode.swift; path = ArtistModel.swift; sourceTree = "<group>"; };
		7ED43388298D671A004E8AD1 /* UserProfileModel.swift */ = {isa = PBXFileReference; lastKnownFileType = sourcecode.swift; path = UserProfileModel.swift; sourceTree = "<group>"; };
		7ED4338A298D7BCA004E8AD1 /* AuthResponse.swift */ = {isa = PBXFileReference; lastKnownFileType = sourcecode.swift; path = AuthResponse.swift; sourceTree = "<group>"; };
		7ED4338C299931A5004E8AD1 /* SettingsModels.swift */ = {isa = PBXFileReference; lastKnownFileType = sourcecode.swift; path = SettingsModels.swift; sourceTree = "<group>"; };
/* End PBXFileReference section */

/* Begin PBXFrameworksBuildPhase section */
		7ED43346298D62D1004E8AD1 /* Frameworks */ = {
			isa = PBXFrameworksBuildPhase;
			buildActionMask = 2147483647;
			files = (
				0F1F9ADA909B2E74779429D0 /* Pods_Corgify.framework in Frameworks */,
			);
			runOnlyForDeploymentPostprocessing = 0;
		};
/* End PBXFrameworksBuildPhase section */

/* Begin PBXGroup section */
		0262DDF6E0977E1845D0BAA6 /* Frameworks */ = {
			isa = PBXGroup;
			children = (
				5F7A8462E87B91425FA35210 /* Pods_Corgify.framework */,
			);
			name = Frameworks;
			sourceTree = "<group>";
		};
		4F941BCDBFC5D91D7714C5C9 /* Pods */ = {
			isa = PBXGroup;
			children = (
				0676BC325844387C437DB1F4 /* Pods-Corgify.debug.xcconfig */,
				369121501A8A04BB7720986C /* Pods-Corgify.release.xcconfig */,
			);
			path = Pods;
			sourceTree = "<group>";
		};
		7E1EB51529A27CB6002181A7 /* Browse */ = {
			isa = PBXGroup;
			children = (
				7E1EB51629A27CEF002181A7 /* NewReleasesCollectionViewCell.swift */,
				7E1EB51829A27D16002181A7 /* FeaturedPlylistCollectionViewCell.swift */,
				7E1EB51A29A27D2E002181A7 /* RecommendedTrackCollectionViewCell.swift */,
			);
			path = Browse;
			sourceTree = "<group>";
		};
		7ED43340298D62D1004E8AD1 = {
			isa = PBXGroup;
			children = (
				7ED4334B298D62D1004E8AD1 /* Corgify */,
				7ED4334A298D62D1004E8AD1 /* Products */,
				4F941BCDBFC5D91D7714C5C9 /* Pods */,
				0262DDF6E0977E1845D0BAA6 /* Frameworks */,
			);
			sourceTree = "<group>";
		};
		7ED4334A298D62D1004E8AD1 /* Products */ = {
			isa = PBXGroup;
			children = (
				7ED43349298D62D1004E8AD1 /* Corgify.app */,
			);
			name = Products;
			sourceTree = "<group>";
		};
		7ED4334B298D62D1004E8AD1 /* Corgify */ = {
			isa = PBXGroup;
			children = (
				7ED43365298D63A0004E8AD1 /* Resources */,
				7ED43364298D638B004E8AD1 /* Manager */,
				7ED43363298D6385004E8AD1 /* ViewModel */,
				7ED43362298D6380004E8AD1 /* Model */,
				7ED43361298D637B004E8AD1 /* View */,
				7ED43360298D6374004E8AD1 /* Controllers */,
				7ED4335A298D62D3004E8AD1 /* Info.plist */,
			);
			path = Corgify;
			sourceTree = "<group>";
		};
		7ED43360298D6374004E8AD1 /* Controllers */ = {
			isa = PBXGroup;
			children = (
				7ED43366298D65C3004E8AD1 /* TabBarViewController.swift */,
				7ED4336C298D660F004E8AD1 /* Core */,
				7ED4336D298D661D004E8AD1 /* Other */,
			);
			path = Controllers;
			sourceTree = "<group>";
		};
		7ED43361298D637B004E8AD1 /* View */ = {
			isa = PBXGroup;
			children = (
				7E1EB51529A27CB6002181A7 /* Browse */,
				7ED43357298D62D3004E8AD1 /* LaunchScreen.storyboard */,
				7E9E150329CA389A0063AFE5 /* PlaylistHeaderCollectionReusableView.swift */,
				7E9E150729CE46440063AFE5 /* TitleHeaderCollectionReusableView.swift */,
				7E9E150929CE4BA40063AFE5 /* AlbumTrackCollectionViewCell.swift */,
				7E9E151129CE574F0063AFE5 /* GenreCollectionViewCell.swift */,
			);
			path = View;
			sourceTree = "<group>";
		};
		7ED43362298D6380004E8AD1 /* Model */ = {
			isa = PBXGroup;
			children = (
				7ED43382298D66FE004E8AD1 /* PlaylistModel.swift */,
				7E1EB51329A270BC002181A7 /* FeaturedPlaylistModel.swift */,
				7ED43384298D670A004E8AD1 /* AudioTrack.swift */,
				7ED43386298D6710004E8AD1 /* ArtistModel.swift */,
				7ED43388298D671A004E8AD1 /* UserProfileModel.swift */,
				7ED4338A298D7BCA004E8AD1 /* AuthResponse.swift */,
				7ED4338C299931A5004E8AD1 /* SettingsModels.swift */,
				7E1EB50B29A26519002181A7 /* NewReleasesModel.swift */,
				7E1EB50D29A265F2002181A7 /* APIImage.swift */,
				7E1EB50F29A26B7B002181A7 /* RecommendedGenresModel.swift */,
				7E1EB51129A26EEF002181A7 /* RecomendationsModel.swift */,
				7E9E14FF29CA2F220063AFE5 /* AlbumDetailsResponse.swift */,
				7E9E150129CA31B80063AFE5 /* PlaylistDetailsResponse.swift */,
			);
			path = Model;
			sourceTree = "<group>";
		};
		7ED43363298D6385004E8AD1 /* ViewModel */ = {
			isa = PBXGroup;
			children = (
				7E1EB51C29A27DE6002181A7 /* NewReleasesCellViewModel.swift */,
				7E1EB51E29A29076002181A7 /* FeaturedPlaylistCellViewModel.swift */,
				7E1EB52029A290E0002181A7 /* RecommendedTrackCellViewModel.swift */,
				7E9E150B29CE4C540063AFE5 /* AlbumCollectionViewCellViewModel.swift */,
				7E9E150529CA3B190063AFE5 /* PlaylistHeaderViewModel.swift */,
			);
			path = ViewModel;
			sourceTree = "<group>";
		};
		7ED43364298D638B004E8AD1 /* Manager */ = {
			isa = PBXGroup;
			children = (
				7ED4337C298D66BF004E8AD1 /* AuthManager.swift */,
				7ED4337E298D66CB004E8AD1 /* APICaller.swift */,
				7ED43380298D66DB004E8AD1 /* HapticsManager.swift */,
			);
			path = Manager;
			sourceTree = "<group>";
		};
		7ED43365298D63A0004E8AD1 /* Resources */ = {
			isa = PBXGroup;
			children = (
				7ED43355298D62D3004E8AD1 /* Assets.xcassets */,
				7ED4334C298D62D1004E8AD1 /* AppDelegate.swift */,
				7ED4334E298D62D1004E8AD1 /* SceneDelegate.swift */,
				7E9E150D29CE4D010063AFE5 /* Extensions.swift */,
			);
			path = Resources;
			sourceTree = "<group>";
		};
		7ED4336C298D660F004E8AD1 /* Core */ = {
			isa = PBXGroup;
			children = (
				7ED43350298D62D1004E8AD1 /* HomeViewController.swift */,
				7ED43368298D65F9004E8AD1 /* SearchViewController.swift */,
				7ED4336A298D6608004E8AD1 /* LibraryViewController.swift */,
			);
			path = Core;
			sourceTree = "<group>";
		};
		7ED4336D298D661D004E8AD1 /* Other */ = {
			isa = PBXGroup;
			children = (
				7ED4336E298D664E004E8AD1 /* AuthViewController.swift */,
				7ED43370298D6659004E8AD1 /* WelcomeScreenViewController.swift */,
				7ED43372298D6666004E8AD1 /* SettingsViewController.swift */,
				7ED43374298D6676004E8AD1 /* ProfileViewController.swift */,
				7ED43376298D667E004E8AD1 /* PlayerViewController.swift */,
				7ED43378298D668C004E8AD1 /* PlaylistViewController.swift */,
				7E9E14FD29CA2C390063AFE5 /* AlbumViewController.swift */,
				7E9E150F29CE54320063AFE5 /* SearchResultsViewController.swift */,
			);
			path = Other;
			sourceTree = "<group>";
		};
/* End PBXGroup section */

/* Begin PBXNativeTarget section */
		7ED43348298D62D1004E8AD1 /* Corgify */ = {
			isa = PBXNativeTarget;
			buildConfigurationList = 7ED4335D298D62D3004E8AD1 /* Build configuration list for PBXNativeTarget "Corgify" */;
			buildPhases = (
				6F1006063C0CC19049A4F6D3 /* [CP] Check Pods Manifest.lock */,
				7ED43345298D62D1004E8AD1 /* Sources */,
				7ED43346298D62D1004E8AD1 /* Frameworks */,
				7ED43347298D62D1004E8AD1 /* Resources */,
				AF061AFE35E05E386DEA7468 /* [CP] Embed Pods Frameworks */,
			);
			buildRules = (
			);
			dependencies = (
			);
			name = Corgify;
			productName = Corgify;
			productReference = 7ED43349298D62D1004E8AD1 /* Corgify.app */;
			productType = "com.apple.product-type.application";
		};
/* End PBXNativeTarget section */

/* Begin PBXProject section */
		7ED43341298D62D1004E8AD1 /* Project object */ = {
			isa = PBXProject;
			attributes = {
				BuildIndependentTargetsInParallel = 1;
				LastSwiftUpdateCheck = 1340;
				LastUpgradeCheck = 1340;
				TargetAttributes = {
					7ED43348298D62D1004E8AD1 = {
						CreatedOnToolsVersion = 13.4.1;
					};
				};
			};
			buildConfigurationList = 7ED43344298D62D1004E8AD1 /* Build configuration list for PBXProject "Corgify" */;
			compatibilityVersion = "Xcode 13.0";
			developmentRegion = en;
			hasScannedForEncodings = 0;
			knownRegions = (
				en,
				Base,
			);
			mainGroup = 7ED43340298D62D1004E8AD1;
			productRefGroup = 7ED4334A298D62D1004E8AD1 /* Products */;
			projectDirPath = "";
			projectRoot = "";
			targets = (
				7ED43348298D62D1004E8AD1 /* Corgify */,
			);
		};
/* End PBXProject section */

/* Begin PBXResourcesBuildPhase section */
		7ED43347298D62D1004E8AD1 /* Resources */ = {
			isa = PBXResourcesBuildPhase;
			buildActionMask = 2147483647;
			files = (
				7ED43359298D62D3004E8AD1 /* LaunchScreen.storyboard in Resources */,
				7ED43356298D62D3004E8AD1 /* Assets.xcassets in Resources */,
			);
			runOnlyForDeploymentPostprocessing = 0;
		};
/* End PBXResourcesBuildPhase section */

/* Begin PBXShellScriptBuildPhase section */
		6F1006063C0CC19049A4F6D3 /* [CP] Check Pods Manifest.lock */ = {
			isa = PBXShellScriptBuildPhase;
			buildActionMask = 2147483647;
			files = (
			);
			inputFileListPaths = (
			);
			inputPaths = (
				"${PODS_PODFILE_DIR_PATH}/Podfile.lock",
				"${PODS_ROOT}/Manifest.lock",
			);
			name = "[CP] Check Pods Manifest.lock";
			outputFileListPaths = (
			);
			outputPaths = (
				"$(DERIVED_FILE_DIR)/Pods-Corgify-checkManifestLockResult.txt",
			);
			runOnlyForDeploymentPostprocessing = 0;
			shellPath = /bin/sh;
			shellScript = "diff \"${PODS_PODFILE_DIR_PATH}/Podfile.lock\" \"${PODS_ROOT}/Manifest.lock\" > /dev/null\nif [ $? != 0 ] ; then\n    # print error to STDERR\n    echo \"error: The sandbox is not in sync with the Podfile.lock. Run 'pod install' or update your CocoaPods installation.\" >&2\n    exit 1\nfi\n# This output is used by Xcode 'outputs' to avoid re-running this script phase.\necho \"SUCCESS\" > \"${SCRIPT_OUTPUT_FILE_0}\"\n";
			showEnvVarsInLog = 0;
		};
		AF061AFE35E05E386DEA7468 /* [CP] Embed Pods Frameworks */ = {
			isa = PBXShellScriptBuildPhase;
			buildActionMask = 2147483647;
			files = (
			);
			inputFileListPaths = (
				"${PODS_ROOT}/Target Support Files/Pods-Corgify/Pods-Corgify-frameworks-${CONFIGURATION}-input-files.xcfilelist",
			);
			name = "[CP] Embed Pods Frameworks";
			outputFileListPaths = (
				"${PODS_ROOT}/Target Support Files/Pods-Corgify/Pods-Corgify-frameworks-${CONFIGURATION}-output-files.xcfilelist",
			);
			runOnlyForDeploymentPostprocessing = 0;
			shellPath = /bin/sh;
			shellScript = "\"${PODS_ROOT}/Target Support Files/Pods-Corgify/Pods-Corgify-frameworks.sh\"\n";
			showEnvVarsInLog = 0;
		};
/* End PBXShellScriptBuildPhase section */

/* Begin PBXSourcesBuildPhase section */
		7ED43345298D62D1004E8AD1 /* Sources */ = {
			isa = PBXSourcesBuildPhase;
			buildActionMask = 2147483647;
			files = (
				7ED43369298D65F9004E8AD1 /* SearchViewController.swift in Sources */,
				7E9E151029CE54320063AFE5 /* SearchResultsViewController.swift in Sources */,
				7ED43389298D671A004E8AD1 /* UserProfileModel.swift in Sources */,
				7E1EB51B29A27D2E002181A7 /* RecommendedTrackCollectionViewCell.swift in Sources */,
				7E1EB51229A26EEF002181A7 /* RecomendationsModel.swift in Sources */,
				7ED43383298D66FE004E8AD1 /* PlaylistModel.swift in Sources */,
				7ED4337D298D66BF004E8AD1 /* AuthManager.swift in Sources */,
				7E9E14FE29CA2C390063AFE5 /* AlbumViewController.swift in Sources */,
				7E9E150629CA3B190063AFE5 /* PlaylistHeaderViewModel.swift in Sources */,
				7E9E150829CE46440063AFE5 /* TitleHeaderCollectionReusableView.swift in Sources */,
				7E9E150229CA31B80063AFE5 /* PlaylistDetailsResponse.swift in Sources */,
				7ED4338B298D7BCA004E8AD1 /* AuthResponse.swift in Sources */,
				7ED43367298D65C3004E8AD1 /* TabBarViewController.swift in Sources */,
				7ED43375298D6676004E8AD1 /* ProfileViewController.swift in Sources */,
				7E9E150E29CE4D010063AFE5 /* Extensions.swift in Sources */,
				7E9E150429CA389A0063AFE5 /* PlaylistHeaderCollectionReusableView.swift in Sources */,
				7E1EB51D29A27DE6002181A7 /* NewReleasesCellViewModel.swift in Sources */,
				7ED43351298D62D1004E8AD1 /* HomeViewController.swift in Sources */,
				7E9E151229CE574F0063AFE5 /* GenreCollectionViewCell.swift in Sources */,
				7E1EB52129A290E0002181A7 /* RecommendedTrackCellViewModel.swift in Sources */,
				7ED4338D299931A5004E8AD1 /* SettingsModels.swift in Sources */,
				7E1EB51F29A29076002181A7 /* FeaturedPlaylistCellViewModel.swift in Sources */,
				7ED4336F298D664F004E8AD1 /* AuthViewController.swift in Sources */,
				7E1EB50C29A26519002181A7 /* NewReleasesModel.swift in Sources */,
				7E1EB51029A26B7B002181A7 /* RecommendedGenresModel.swift in Sources */,
				7ED43381298D66DB004E8AD1 /* HapticsManager.swift in Sources */,
				7E9E150029CA2F220063AFE5 /* AlbumDetailsResponse.swift in Sources */,
				7ED43385298D670A004E8AD1 /* AudioTrack.swift in Sources */,
				7ED4334D298D62D1004E8AD1 /* AppDelegate.swift in Sources */,
				7E9E150C29CE4C540063AFE5 /* AlbumCollectionViewCellViewModel.swift in Sources */,
				7E9E150A29CE4BA40063AFE5 /* AlbumTrackCollectionViewCell.swift in Sources */,
				7ED43371298D6659004E8AD1 /* WelcomeScreenViewController.swift in Sources */,
				7ED4336B298D6608004E8AD1 /* LibraryViewController.swift in Sources */,
				7ED43379298D668C004E8AD1 /* PlaylistViewController.swift in Sources */,
				7ED43387298D6710004E8AD1 /* ArtistModel.swift in Sources */,
				7E1EB51429A270BC002181A7 /* FeaturedPlaylistModel.swift in Sources */,
				7ED4334F298D62D1004E8AD1 /* SceneDelegate.swift in Sources */,
				7ED43377298D667E004E8AD1 /* PlayerViewController.swift in Sources */,
				7E1EB51929A27D16002181A7 /* FeaturedPlylistCollectionViewCell.swift in Sources */,
				7E1EB51729A27CEF002181A7 /* NewReleasesCollectionViewCell.swift in Sources */,
				7E1EB50E29A265F2002181A7 /* APIImage.swift in Sources */,
				7ED4337F298D66CB004E8AD1 /* APICaller.swift in Sources */,
				7ED43373298D6666004E8AD1 /* SettingsViewController.swift in Sources */,
			);
			runOnlyForDeploymentPostprocessing = 0;
		};
/* End PBXSourcesBuildPhase section */

/* Begin PBXVariantGroup section */
		7ED43357298D62D3004E8AD1 /* LaunchScreen.storyboard */ = {
			isa = PBXVariantGroup;
			children = (
				7ED43358298D62D3004E8AD1 /* Base */,
			);
			name = LaunchScreen.storyboard;
			sourceTree = "<group>";
		};
/* End PBXVariantGroup section */

/* Begin XCBuildConfiguration section */
		7ED4335B298D62D3004E8AD1 /* Debug */ = {
			isa = XCBuildConfiguration;
			buildSettings = {
				ALWAYS_SEARCH_USER_PATHS = NO;
				CLANG_ANALYZER_NONNULL = YES;
				CLANG_ANALYZER_NUMBER_OBJECT_CONVERSION = YES_AGGRESSIVE;
				CLANG_CXX_LANGUAGE_STANDARD = "gnu++17";
				CLANG_ENABLE_MODULES = YES;
				CLANG_ENABLE_OBJC_ARC = YES;
				CLANG_ENABLE_OBJC_WEAK = YES;
				CLANG_WARN_BLOCK_CAPTURE_AUTORELEASING = YES;
				CLANG_WARN_BOOL_CONVERSION = YES;
				CLANG_WARN_COMMA = YES;
				CLANG_WARN_CONSTANT_CONVERSION = YES;
				CLANG_WARN_DEPRECATED_OBJC_IMPLEMENTATIONS = YES;
				CLANG_WARN_DIRECT_OBJC_ISA_USAGE = YES_ERROR;
				CLANG_WARN_DOCUMENTATION_COMMENTS = YES;
				CLANG_WARN_EMPTY_BODY = YES;
				CLANG_WARN_ENUM_CONVERSION = YES;
				CLANG_WARN_INFINITE_RECURSION = YES;
				CLANG_WARN_INT_CONVERSION = YES;
				CLANG_WARN_NON_LITERAL_NULL_CONVERSION = YES;
				CLANG_WARN_OBJC_IMPLICIT_RETAIN_SELF = YES;
				CLANG_WARN_OBJC_LITERAL_CONVERSION = YES;
				CLANG_WARN_OBJC_ROOT_CLASS = YES_ERROR;
				CLANG_WARN_QUOTED_INCLUDE_IN_FRAMEWORK_HEADER = YES;
				CLANG_WARN_RANGE_LOOP_ANALYSIS = YES;
				CLANG_WARN_STRICT_PROTOTYPES = YES;
				CLANG_WARN_SUSPICIOUS_MOVE = YES;
				CLANG_WARN_UNGUARDED_AVAILABILITY = YES_AGGRESSIVE;
				CLANG_WARN_UNREACHABLE_CODE = YES;
				CLANG_WARN__DUPLICATE_METHOD_MATCH = YES;
				COPY_PHASE_STRIP = NO;
				DEBUG_INFORMATION_FORMAT = dwarf;
				ENABLE_STRICT_OBJC_MSGSEND = YES;
				ENABLE_TESTABILITY = YES;
				GCC_C_LANGUAGE_STANDARD = gnu11;
				GCC_DYNAMIC_NO_PIC = NO;
				GCC_NO_COMMON_BLOCKS = YES;
				GCC_OPTIMIZATION_LEVEL = 0;
				GCC_PREPROCESSOR_DEFINITIONS = (
					"DEBUG=1",
					"$(inherited)",
				);
				GCC_WARN_64_TO_32_BIT_CONVERSION = YES;
				GCC_WARN_ABOUT_RETURN_TYPE = YES_ERROR;
				GCC_WARN_UNDECLARED_SELECTOR = YES;
				GCC_WARN_UNINITIALIZED_AUTOS = YES_AGGRESSIVE;
				GCC_WARN_UNUSED_FUNCTION = YES;
				GCC_WARN_UNUSED_VARIABLE = YES;
				IPHONEOS_DEPLOYMENT_TARGET = 15.5;
				MTL_ENABLE_DEBUG_INFO = INCLUDE_SOURCE;
				MTL_FAST_MATH = YES;
				ONLY_ACTIVE_ARCH = YES;
				SDKROOT = iphoneos;
				SWIFT_ACTIVE_COMPILATION_CONDITIONS = DEBUG;
				SWIFT_OPTIMIZATION_LEVEL = "-Onone";
			};
			name = Debug;
		};
		7ED4335C298D62D3004E8AD1 /* Release */ = {
			isa = XCBuildConfiguration;
			buildSettings = {
				ALWAYS_SEARCH_USER_PATHS = NO;
				CLANG_ANALYZER_NONNULL = YES;
				CLANG_ANALYZER_NUMBER_OBJECT_CONVERSION = YES_AGGRESSIVE;
				CLANG_CXX_LANGUAGE_STANDARD = "gnu++17";
				CLANG_ENABLE_MODULES = YES;
				CLANG_ENABLE_OBJC_ARC = YES;
				CLANG_ENABLE_OBJC_WEAK = YES;
				CLANG_WARN_BLOCK_CAPTURE_AUTORELEASING = YES;
				CLANG_WARN_BOOL_CONVERSION = YES;
				CLANG_WARN_COMMA = YES;
				CLANG_WARN_CONSTANT_CONVERSION = YES;
				CLANG_WARN_DEPRECATED_OBJC_IMPLEMENTATIONS = YES;
				CLANG_WARN_DIRECT_OBJC_ISA_USAGE = YES_ERROR;
				CLANG_WARN_DOCUMENTATION_COMMENTS = YES;
				CLANG_WARN_EMPTY_BODY = YES;
				CLANG_WARN_ENUM_CONVERSION = YES;
				CLANG_WARN_INFINITE_RECURSION = YES;
				CLANG_WARN_INT_CONVERSION = YES;
				CLANG_WARN_NON_LITERAL_NULL_CONVERSION = YES;
				CLANG_WARN_OBJC_IMPLICIT_RETAIN_SELF = YES;
				CLANG_WARN_OBJC_LITERAL_CONVERSION = YES;
				CLANG_WARN_OBJC_ROOT_CLASS = YES_ERROR;
				CLANG_WARN_QUOTED_INCLUDE_IN_FRAMEWORK_HEADER = YES;
				CLANG_WARN_RANGE_LOOP_ANALYSIS = YES;
				CLANG_WARN_STRICT_PROTOTYPES = YES;
				CLANG_WARN_SUSPICIOUS_MOVE = YES;
				CLANG_WARN_UNGUARDED_AVAILABILITY = YES_AGGRESSIVE;
				CLANG_WARN_UNREACHABLE_CODE = YES;
				CLANG_WARN__DUPLICATE_METHOD_MATCH = YES;
				COPY_PHASE_STRIP = NO;
				DEBUG_INFORMATION_FORMAT = "dwarf-with-dsym";
				ENABLE_NS_ASSERTIONS = NO;
				ENABLE_STRICT_OBJC_MSGSEND = YES;
				GCC_C_LANGUAGE_STANDARD = gnu11;
				GCC_NO_COMMON_BLOCKS = YES;
				GCC_WARN_64_TO_32_BIT_CONVERSION = YES;
				GCC_WARN_ABOUT_RETURN_TYPE = YES_ERROR;
				GCC_WARN_UNDECLARED_SELECTOR = YES;
				GCC_WARN_UNINITIALIZED_AUTOS = YES_AGGRESSIVE;
				GCC_WARN_UNUSED_FUNCTION = YES;
				GCC_WARN_UNUSED_VARIABLE = YES;
				IPHONEOS_DEPLOYMENT_TARGET = 15.5;
				MTL_ENABLE_DEBUG_INFO = NO;
				MTL_FAST_MATH = YES;
				SDKROOT = iphoneos;
				SWIFT_COMPILATION_MODE = wholemodule;
				SWIFT_OPTIMIZATION_LEVEL = "-O";
				VALIDATE_PRODUCT = YES;
			};
			name = Release;
		};
		7ED4335E298D62D3004E8AD1 /* Debug */ = {
			isa = XCBuildConfiguration;
			baseConfigurationReference = 0676BC325844387C437DB1F4 /* Pods-Corgify.debug.xcconfig */;
			buildSettings = {
				ASSETCATALOG_COMPILER_APPICON_NAME = AppIcon;
				ASSETCATALOG_COMPILER_GLOBAL_ACCENT_COLOR_NAME = AccentColor;
				CODE_SIGN_STYLE = Automatic;
				CURRENT_PROJECT_VERSION = 1;
				DEVELOPMENT_TEAM = 97E4ZMM938;
				GENERATE_INFOPLIST_FILE = YES;
				INFOPLIST_FILE = Corgify/Info.plist;
				INFOPLIST_KEY_UIApplicationSupportsIndirectInputEvents = YES;
				INFOPLIST_KEY_UILaunchStoryboardName = LaunchScreen;
				INFOPLIST_KEY_UISupportedInterfaceOrientations_iPad = "UIInterfaceOrientationPortrait UIInterfaceOrientationPortraitUpsideDown UIInterfaceOrientationLandscapeLeft UIInterfaceOrientationLandscapeRight";
				INFOPLIST_KEY_UISupportedInterfaceOrientations_iPhone = "UIInterfaceOrientationPortrait UIInterfaceOrientationLandscapeLeft UIInterfaceOrientationLandscapeRight";
				LD_RUNPATH_SEARCH_PATHS = (
					"$(inherited)",
					"@executable_path/Frameworks",
				);
				MARKETING_VERSION = 1.0;
				PRODUCT_BUNDLE_IDENTIFIER = dareToDev.Corgify;
				PRODUCT_NAME = "$(TARGET_NAME)";
				SWIFT_EMIT_LOC_STRINGS = YES;
				SWIFT_VERSION = 5.0;
				TARGETED_DEVICE_FAMILY = "1,2";
			};
			name = Debug;
		};
		7ED4335F298D62D3004E8AD1 /* Release */ = {
			isa = XCBuildConfiguration;
			baseConfigurationReference = 369121501A8A04BB7720986C /* Pods-Corgify.release.xcconfig */;
			buildSettings = {
				ASSETCATALOG_COMPILER_APPICON_NAME = AppIcon;
				ASSETCATALOG_COMPILER_GLOBAL_ACCENT_COLOR_NAME = AccentColor;
				CODE_SIGN_STYLE = Automatic;
				CURRENT_PROJECT_VERSION = 1;
				DEVELOPMENT_TEAM = 97E4ZMM938;
				GENERATE_INFOPLIST_FILE = YES;
				INFOPLIST_FILE = Corgify/Info.plist;
				INFOPLIST_KEY_UIApplicationSupportsIndirectInputEvents = YES;
				INFOPLIST_KEY_UILaunchStoryboardName = LaunchScreen;
				INFOPLIST_KEY_UISupportedInterfaceOrientations_iPad = "UIInterfaceOrientationPortrait UIInterfaceOrientationPortraitUpsideDown UIInterfaceOrientationLandscapeLeft UIInterfaceOrientationLandscapeRight";
				INFOPLIST_KEY_UISupportedInterfaceOrientations_iPhone = "UIInterfaceOrientationPortrait UIInterfaceOrientationLandscapeLeft UIInterfaceOrientationLandscapeRight";
				LD_RUNPATH_SEARCH_PATHS = (
					"$(inherited)",
					"@executable_path/Frameworks",
				);
				MARKETING_VERSION = 1.0;
				PRODUCT_BUNDLE_IDENTIFIER = dareToDev.Corgify;
				PRODUCT_NAME = "$(TARGET_NAME)";
				SWIFT_EMIT_LOC_STRINGS = YES;
				SWIFT_VERSION = 5.0;
				TARGETED_DEVICE_FAMILY = "1,2";
			};
			name = Release;
		};
/* End XCBuildConfiguration section */

/* Begin XCConfigurationList section */
		7ED43344298D62D1004E8AD1 /* Build configuration list for PBXProject "Corgify" */ = {
			isa = XCConfigurationList;
			buildConfigurations = (
				7ED4335B298D62D3004E8AD1 /* Debug */,
				7ED4335C298D62D3004E8AD1 /* Release */,
			);
			defaultConfigurationIsVisible = 0;
			defaultConfigurationName = Release;
		};
		7ED4335D298D62D3004E8AD1 /* Build configuration list for PBXNativeTarget "Corgify" */ = {
			isa = XCConfigurationList;
			buildConfigurations = (
				7ED4335E298D62D3004E8AD1 /* Debug */,
				7ED4335F298D62D3004E8AD1 /* Release */,
			);
			defaultConfigurationIsVisible = 0;
			defaultConfigurationName = Release;
		};
/* End XCConfigurationList section */
	};
	rootObject = 7ED43341298D62D1004E8AD1 /* Project object */;
}
