// !$*UTF8*$!
{
	archiveVersion = 1;
	classes = {
	};
	objectVersion = 55;
	objects = {

/* Begin PBXBuildFile section */
		7ED4334D298D62D1004E8AD1 /* AppDelegate.swift in Sources */ = {isa = PBXBuildFile; fileRef = 7ED4334C298D62D1004E8AD1 /* AppDelegate.swift */; };
		7ED4334F298D62D1004E8AD1 /* SceneDelegate.swift in Sources */ = {isa = PBXBuildFile; fileRef = 7ED4334E298D62D1004E8AD1 /* SceneDelegate.swift */; };
		7ED43351298D62D1004E8AD1 /* HomeViewController.swift in Sources */ = {isa = PBXBuildFile; fileRef = 7ED43350298D62D1004E8AD1 /* HomeViewController.swift */; };
		7ED43356298D62D3004E8AD1 /* Assets.xcassets in Resources */ = {isa = PBXBuildFile; fileRef = 7ED43355298D62D3004E8AD1 /* Assets.xcassets */; };
		7ED43359298D62D3004E8AD1 /* LaunchScreen.storyboard in Resources */ = {isa = PBXBuildFile; fileRef = 7ED43357298D62D3004E8AD1 /* LaunchScreen.storyboard */; };
		7ED43367298D65C3004E8AD1 /* TabBarViewController.swift in Sources */ = {isa = PBXBuildFile; fileRef = 7ED43366298D65C3004E8AD1 /* TabBarViewController.swift */; };
		7ED43369298D65F9004E8AD1 /* SearchViewController.swift in Sources */ = {isa = PBXBuildFile; fileRef = 7ED43368298D65F9004E8AD1 /* SearchViewController.swift */; };
		7ED4336B298D6608004E8AD1 /* LibraryViewController.swift in Sources */ = {isa = PBXBuildFile; fileRef = 7ED4336A298D6608004E8AD1 /* LibraryViewController.swift */; };
		7ED4336F298D664F004E8AD1 /* AuthViewController.swift in Sources */ = {isa = PBXBuildFile; fileRef = 7ED4336E298D664E004E8AD1 /* AuthViewController.swift */; };
		7ED43371298D6659004E8AD1 /* WelcomeScreenViewController.swift in Sources */ = {isa = PBXBuildFile; fileRef = 7ED43370298D6659004E8AD1 /* WelcomeScreenViewController.swift */; };
		7ED43373298D6666004E8AD1 /* SettingsViewController.swift in Sources */ = {isa = PBXBuildFile; fileRef = 7ED43372298D6666004E8AD1 /* SettingsViewController.swift */; };
		7ED43375298D6676004E8AD1 /* ProfileViewController.swift in Sources */ = {isa = PBXBuildFile; fileRef = 7ED43374298D6676004E8AD1 /* ProfileViewController.swift */; };
		7ED43377298D667E004E8AD1 /* PlayerViewController.swift in Sources */ = {isa = PBXBuildFile; fileRef = 7ED43376298D667E004E8AD1 /* PlayerViewController.swift */; };
		7ED43379298D668C004E8AD1 /* PlaylistViewController.swift in Sources */ = {isa = PBXBuildFile; fileRef = 7ED43378298D668C004E8AD1 /* PlaylistViewController.swift */; };
		7ED4337B298D66A2004E8AD1 /* SearchResultViewController.swift in Sources */ = {isa = PBXBuildFile; fileRef = 7ED4337A298D66A2004E8AD1 /* SearchResultViewController.swift */; };
		7ED4337D298D66BF004E8AD1 /* AuthManager.swift in Sources */ = {isa = PBXBuildFile; fileRef = 7ED4337C298D66BF004E8AD1 /* AuthManager.swift */; };
		7ED4337F298D66CB004E8AD1 /* APICaller.swift in Sources */ = {isa = PBXBuildFile; fileRef = 7ED4337E298D66CB004E8AD1 /* APICaller.swift */; };
		7ED43381298D66DB004E8AD1 /* HapticsManager.swift in Sources */ = {isa = PBXBuildFile; fileRef = 7ED43380298D66DB004E8AD1 /* HapticsManager.swift */; };
		7ED43383298D66FE004E8AD1 /* PlaylistModel.swift in Sources */ = {isa = PBXBuildFile; fileRef = 7ED43382298D66FE004E8AD1 /* PlaylistModel.swift */; };
		7ED43385298D670A004E8AD1 /* AudioTrackModel.swift in Sources */ = {isa = PBXBuildFile; fileRef = 7ED43384298D670A004E8AD1 /* AudioTrackModel.swift */; };
		7ED43387298D6710004E8AD1 /* ArtistModel.swift in Sources */ = {isa = PBXBuildFile; fileRef = 7ED43386298D6710004E8AD1 /* ArtistModel.swift */; };
		7ED43389298D671A004E8AD1 /* ProfileModel.swift in Sources */ = {isa = PBXBuildFile; fileRef = 7ED43388298D671A004E8AD1 /* ProfileModel.swift */; };
		7ED4338B298D7BCA004E8AD1 /* AuthResponse.swift in Sources */ = {isa = PBXBuildFile; fileRef = 7ED4338A298D7BCA004E8AD1 /* AuthResponse.swift */; };
/* End PBXBuildFile section */

/* Begin PBXFileReference section */
		7ED43349298D62D1004E8AD1 /* Corgify.app */ = {isa = PBXFileReference; explicitFileType = wrapper.application; includeInIndex = 0; path = Corgify.app; sourceTree = BUILT_PRODUCTS_DIR; };
		7ED4334C298D62D1004E8AD1 /* AppDelegate.swift */ = {isa = PBXFileReference; lastKnownFileType = sourcecode.swift; path = AppDelegate.swift; sourceTree = "<group>"; };
		7ED4334E298D62D1004E8AD1 /* SceneDelegate.swift */ = {isa = PBXFileReference; lastKnownFileType = sourcecode.swift; path = SceneDelegate.swift; sourceTree = "<group>"; };
		7ED43350298D62D1004E8AD1 /* HomeViewController.swift */ = {isa = PBXFileReference; lastKnownFileType = sourcecode.swift; path = HomeViewController.swift; sourceTree = "<group>"; };
		7ED43355298D62D3004E8AD1 /* Assets.xcassets */ = {isa = PBXFileReference; lastKnownFileType = folder.assetcatalog; path = Assets.xcassets; sourceTree = "<group>"; };
		7ED43358298D62D3004E8AD1 /* Base */ = {isa = PBXFileReference; lastKnownFileType = file.storyboard; name = Base; path = Base.lproj/LaunchScreen.storyboard; sourceTree = "<group>"; };
		7ED4335A298D62D3004E8AD1 /* Info.plist */ = {isa = PBXFileReference; lastKnownFileType = text.plist.xml; path = Info.plist; sourceTree = "<group>"; };
		7ED43366298D65C3004E8AD1 /* TabBarViewController.swift */ = {isa = PBXFileReference; lastKnownFileType = sourcecode.swift; path = TabBarViewController.swift; sourceTree = "<group>"; };
		7ED43368298D65F9004E8AD1 /* SearchViewController.swift */ = {isa = PBXFileReference; lastKnownFileType = sourcecode.swift; path = SearchViewController.swift; sourceTree = "<group>"; };
		7ED4336A298D6608004E8AD1 /* LibraryViewController.swift */ = {isa = PBXFileReference; lastKnownFileType = sourcecode.swift; path = LibraryViewController.swift; sourceTree = "<group>"; };
		7ED4336E298D664E004E8AD1 /* AuthViewController.swift */ = {isa = PBXFileReference; lastKnownFileType = sourcecode.swift; path = AuthViewController.swift; sourceTree = "<group>"; };
		7ED43370298D6659004E8AD1 /* WelcomeScreenViewController.swift */ = {isa = PBXFileReference; lastKnownFileType = sourcecode.swift; path = WelcomeScreenViewController.swift; sourceTree = "<group>"; };
		7ED43372298D6666004E8AD1 /* SettingsViewController.swift */ = {isa = PBXFileReference; lastKnownFileType = sourcecode.swift; path = SettingsViewController.swift; sourceTree = "<group>"; };
		7ED43374298D6676004E8AD1 /* ProfileViewController.swift */ = {isa = PBXFileReference; lastKnownFileType = sourcecode.swift; path = ProfileViewController.swift; sourceTree = "<group>"; };
		7ED43376298D667E004E8AD1 /* PlayerViewController.swift */ = {isa = PBXFileReference; lastKnownFileType = sourcecode.swift; path = PlayerViewController.swift; sourceTree = "<group>"; };
		7ED43378298D668C004E8AD1 /* PlaylistViewController.swift */ = {isa = PBXFileReference; lastKnownFileType = sourcecode.swift; path = PlaylistViewController.swift; sourceTree = "<group>"; };
		7ED4337A298D66A2004E8AD1 /* SearchResultViewController.swift */ = {isa = PBXFileReference; lastKnownFileType = sourcecode.swift; path = SearchResultViewController.swift; sourceTree = "<group>"; };
		7ED4337C298D66BF004E8AD1 /* AuthManager.swift */ = {isa = PBXFileReference; lastKnownFileType = sourcecode.swift; path = AuthManager.swift; sourceTree = "<group>"; };
		7ED4337E298D66CB004E8AD1 /* APICaller.swift */ = {isa = PBXFileReference; lastKnownFileType = sourcecode.swift; path = APICaller.swift; sourceTree = "<group>"; };
		7ED43380298D66DB004E8AD1 /* HapticsManager.swift */ = {isa = PBXFileReference; lastKnownFileType = sourcecode.swift; path = HapticsManager.swift; sourceTree = "<group>"; };
		7ED43382298D66FE004E8AD1 /* PlaylistModel.swift */ = {isa = PBXFileReference; lastKnownFileType = sourcecode.swift; path = PlaylistModel.swift; sourceTree = "<group>"; };
		7ED43384298D670A004E8AD1 /* AudioTrackModel.swift */ = {isa = PBXFileReference; lastKnownFileType = sourcecode.swift; path = AudioTrackModel.swift; sourceTree = "<group>"; };
		7ED43386298D6710004E8AD1 /* ArtistModel.swift */ = {isa = PBXFileReference; lastKnownFileType = sourcecode.swift; path = ArtistModel.swift; sourceTree = "<group>"; };
		7ED43388298D671A004E8AD1 /* ProfileModel.swift */ = {isa = PBXFileReference; lastKnownFileType = sourcecode.swift; path = ProfileModel.swift; sourceTree = "<group>"; };
		7ED4338A298D7BCA004E8AD1 /* AuthResponse.swift */ = {isa = PBXFileReference; lastKnownFileType = sourcecode.swift; path = AuthResponse.swift; sourceTree = "<group>"; };
/* End PBXFileReference section */

/* Begin PBXFrameworksBuildPhase section */
		7ED43346298D62D1004E8AD1 /* Frameworks */ = {
			isa = PBXFrameworksBuildPhase;
			buildActionMask = 2147483647;
			files = (
			);
			runOnlyForDeploymentPostprocessing = 0;
		};
/* End PBXFrameworksBuildPhase section */

/* Begin PBXGroup section */
		7ED43340298D62D1004E8AD1 = {
			isa = PBXGroup;
			children = (
				7ED4334B298D62D1004E8AD1 /* Corgify */,
				7ED4334A298D62D1004E8AD1 /* Products */,
			);
			sourceTree = "<group>";
		};
		7ED4334A298D62D1004E8AD1 /* Products */ = {
			isa = PBXGroup;
			children = (
				7ED43349298D62D1004E8AD1 /* Corgify.app */,
			);
			name = Products;
			sourceTree = "<group>";
		};
		7ED4334B298D62D1004E8AD1 /* Corgify */ = {
			isa = PBXGroup;
			children = (
				7ED43365298D63A0004E8AD1 /* Resources */,
				7ED43364298D638B004E8AD1 /* Manager */,
				7ED43363298D6385004E8AD1 /* ViewModel */,
				7ED43362298D6380004E8AD1 /* Model */,
				7ED43361298D637B004E8AD1 /* View */,
				7ED43360298D6374004E8AD1 /* Controllers */,
				7ED4335A298D62D3004E8AD1 /* Info.plist */,
			);
			path = Corgify;
			sourceTree = "<group>";
		};
		7ED43360298D6374004E8AD1 /* Controllers */ = {
			isa = PBXGroup;
			children = (
				7ED43366298D65C3004E8AD1 /* TabBarViewController.swift */,
				7ED4336C298D660F004E8AD1 /* Core */,
				7ED4336D298D661D004E8AD1 /* Other */,
			);
			path = Controllers;
			sourceTree = "<group>";
		};
		7ED43361298D637B004E8AD1 /* View */ = {
			isa = PBXGroup;
			children = (
				7ED43357298D62D3004E8AD1 /* LaunchScreen.storyboard */,
			);
			path = View;
			sourceTree = "<group>";
		};
		7ED43362298D6380004E8AD1 /* Model */ = {
			isa = PBXGroup;
			children = (
				7ED43382298D66FE004E8AD1 /* PlaylistModel.swift */,
				7ED43384298D670A004E8AD1 /* AudioTrackModel.swift */,
				7ED43386298D6710004E8AD1 /* ArtistModel.swift */,
				7ED43388298D671A004E8AD1 /* ProfileModel.swift */,
				7ED4338A298D7BCA004E8AD1 /* AuthResponse.swift */,
			);
			path = Model;
			sourceTree = "<group>";
		};
		7ED43363298D6385004E8AD1 /* ViewModel */ = {
			isa = PBXGroup;
			children = (
			);
			path = ViewModel;
			sourceTree = "<group>";
		};
		7ED43364298D638B004E8AD1 /* Manager */ = {
			isa = PBXGroup;
			children = (
				7ED4337C298D66BF004E8AD1 /* AuthManager.swift */,
				7ED4337E298D66CB004E8AD1 /* APICaller.swift */,
				7ED43380298D66DB004E8AD1 /* HapticsManager.swift */,
			);
			path = Manager;
			sourceTree = "<group>";
		};
		7ED43365298D63A0004E8AD1 /* Resources */ = {
			isa = PBXGroup;
			children = (
				7ED43355298D62D3004E8AD1 /* Assets.xcassets */,
				7ED4334C298D62D1004E8AD1 /* AppDelegate.swift */,
				7ED4334E298D62D1004E8AD1 /* SceneDelegate.swift */,
			);
			path = Resources;
			sourceTree = "<group>";
		};
		7ED4336C298D660F004E8AD1 /* Core */ = {
			isa = PBXGroup;
			children = (
				7ED43350298D62D1004E8AD1 /* HomeViewController.swift */,
				7ED43368298D65F9004E8AD1 /* SearchViewController.swift */,
				7ED4336A298D6608004E8AD1 /* LibraryViewController.swift */,
			);
			path = Core;
			sourceTree = "<group>";
		};
		7ED4336D298D661D004E8AD1 /* Other */ = {
			isa = PBXGroup;
			children = (
				7ED4336E298D664E004E8AD1 /* AuthViewController.swift */,
				7ED43370298D6659004E8AD1 /* WelcomeScreenViewController.swift */,
				7ED43372298D6666004E8AD1 /* SettingsViewController.swift */,
				7ED43374298D6676004E8AD1 /* ProfileViewController.swift */,
				7ED43376298D667E004E8AD1 /* PlayerViewController.swift */,
				7ED43378298D668C004E8AD1 /* PlaylistViewController.swift */,
				7ED4337A298D66A2004E8AD1 /* SearchResultViewController.swift */,
			);
			path = Other;
			sourceTree = "<group>";
		};
/* End PBXGroup section */

/* Begin PBXNativeTarget section */
		7ED43348298D62D1004E8AD1 /* Corgify */ = {
			isa = PBXNativeTarget;
			buildConfigurationList = 7ED4335D298D62D3004E8AD1 /* Build configuration list for PBXNativeTarget "Corgify" */;
			buildPhases = (
				7ED43345298D62D1004E8AD1 /* Sources */,
				7ED43346298D62D1004E8AD1 /* Frameworks */,
				7ED43347298D62D1004E8AD1 /* Resources */,
			);
			buildRules = (
			);
			dependencies = (
			);
			name = Corgify;
			productName = Corgify;
			productReference = 7ED43349298D62D1004E8AD1 /* Corgify.app */;
			productType = "com.apple.product-type.application";
		};
/* End PBXNativeTarget section */

/* Begin PBXProject section */
		7ED43341298D62D1004E8AD1 /* Project object */ = {
			isa = PBXProject;
			attributes = {
				BuildIndependentTargetsInParallel = 1;
				LastSwiftUpdateCheck = 1340;
				LastUpgradeCheck = 1340;
				TargetAttributes = {
					7ED43348298D62D1004E8AD1 = {
						CreatedOnToolsVersion = 13.4.1;
					};
				};
			};
			buildConfigurationList = 7ED43344298D62D1004E8AD1 /* Build configuration list for PBXProject "Corgify" */;
			compatibilityVersion = "Xcode 13.0";
			developmentRegion = en;
			hasScannedForEncodings = 0;
			knownRegions = (
				en,
				Base,
			);
			mainGroup = 7ED43340298D62D1004E8AD1;
			productRefGroup = 7ED4334A298D62D1004E8AD1 /* Products */;
			projectDirPath = "";
			projectRoot = "";
			targets = (
				7ED43348298D62D1004E8AD1 /* Corgify */,
			);
		};
/* End PBXProject section */

/* Begin PBXResourcesBuildPhase section */
		7ED43347298D62D1004E8AD1 /* Resources */ = {
			isa = PBXResourcesBuildPhase;
			buildActionMask = 2147483647;
			files = (
				7ED43359298D62D3004E8AD1 /* LaunchScreen.storyboard in Resources */,
				7ED43356298D62D3004E8AD1 /* Assets.xcassets in Resources */,
			);
			runOnlyForDeploymentPostprocessing = 0;
		};
/* End PBXResourcesBuildPhase section */

/* Begin PBXSourcesBuildPhase section */
		7ED43345298D62D1004E8AD1 /* Sources */ = {
			isa = PBXSourcesBuildPhase;
			buildActionMask = 2147483647;
			files = (
				7ED43369298D65F9004E8AD1 /* SearchViewController.swift in Sources */,
				7ED43389298D671A004E8AD1 /* ProfileModel.swift in Sources */,
				7ED43383298D66FE004E8AD1 /* PlaylistModel.swift in Sources */,
				7ED4337D298D66BF004E8AD1 /* AuthManager.swift in Sources */,
				7ED4338B298D7BCA004E8AD1 /* AuthResponse.swift in Sources */,
				7ED43367298D65C3004E8AD1 /* TabBarViewController.swift in Sources */,
				7ED43375298D6676004E8AD1 /* ProfileViewController.swift in Sources */,
				7ED43351298D62D1004E8AD1 /* HomeViewController.swift in Sources */,
				7ED4336F298D664F004E8AD1 /* AuthViewController.swift in Sources */,
				7ED43381298D66DB004E8AD1 /* HapticsManager.swift in Sources */,
				7ED43385298D670A004E8AD1 /* AudioTrackModel.swift in Sources */,
				7ED4334D298D62D1004E8AD1 /* AppDelegate.swift in Sources */,
				7ED43371298D6659004E8AD1 /* WelcomeScreenViewController.swift in Sources */,
				7ED4336B298D6608004E8AD1 /* LibraryViewController.swift in Sources */,
				7ED43379298D668C004E8AD1 /* PlaylistViewController.swift in Sources */,
				7ED43387298D6710004E8AD1 /* ArtistModel.swift in Sources */,
				7ED4334F298D62D1004E8AD1 /* SceneDelegate.swift in Sources */,
				7ED43377298D667E004E8AD1 /* PlayerViewController.swift in Sources */,
				7ED4337B298D66A2004E8AD1 /* SearchResultViewController.swift in Sources */,
				7ED4337F298D66CB004E8AD1 /* APICaller.swift in Sources */,
				7ED43373298D6666004E8AD1 /* SettingsViewController.swift in Sources */,
			);
			runOnlyForDeploymentPostprocessing = 0;
		};
/* End PBXSourcesBuildPhase section */

/* Begin PBXVariantGroup section */
		7ED43357298D62D3004E8AD1 /* LaunchScreen.storyboard */ = {
			isa = PBXVariantGroup;
			children = (
				7ED43358298D62D3004E8AD1 /* Base */,
			);
			name = LaunchScreen.storyboard;
			sourceTree = "<group>";
		};
/* End PBXVariantGroup section */

/* Begin XCBuildConfiguration section */
		7ED4335B298D62D3004E8AD1 /* Debug */ = {
			isa = XCBuildConfiguration;
			buildSettings = {
				ALWAYS_SEARCH_USER_PATHS = NO;
				CLANG_ANALYZER_NONNULL = YES;
				CLANG_ANALYZER_NUMBER_OBJECT_CONVERSION = YES_AGGRESSIVE;
				CLANG_CXX_LANGUAGE_STANDARD = "gnu++17";
				CLANG_ENABLE_MODULES = YES;
				CLANG_ENABLE_OBJC_ARC = YES;
				CLANG_ENABLE_OBJC_WEAK = YES;
				CLANG_WARN_BLOCK_CAPTURE_AUTORELEASING = YES;
				CLANG_WARN_BOOL_CONVERSION = YES;
				CLANG_WARN_COMMA = YES;
				CLANG_WARN_CONSTANT_CONVERSION = YES;
				CLANG_WARN_DEPRECATED_OBJC_IMPLEMENTATIONS = YES;
				CLANG_WARN_DIRECT_OBJC_ISA_USAGE = YES_ERROR;
				CLANG_WARN_DOCUMENTATION_COMMENTS = YES;
				CLANG_WARN_EMPTY_BODY = YES;
				CLANG_WARN_ENUM_CONVERSION = YES;
				CLANG_WARN_INFINITE_RECURSION = YES;
				CLANG_WARN_INT_CONVERSION = YES;
				CLANG_WARN_NON_LITERAL_NULL_CONVERSION = YES;
				CLANG_WARN_OBJC_IMPLICIT_RETAIN_SELF = YES;
				CLANG_WARN_OBJC_LITERAL_CONVERSION = YES;
				CLANG_WARN_OBJC_ROOT_CLASS = YES_ERROR;
				CLANG_WARN_QUOTED_INCLUDE_IN_FRAMEWORK_HEADER = YES;
				CLANG_WARN_RANGE_LOOP_ANALYSIS = YES;
				CLANG_WARN_STRICT_PROTOTYPES = YES;
				CLANG_WARN_SUSPICIOUS_MOVE = YES;
				CLANG_WARN_UNGUARDED_AVAILABILITY = YES_AGGRESSIVE;
				CLANG_WARN_UNREACHABLE_CODE = YES;
				CLANG_WARN__DUPLICATE_METHOD_MATCH = YES;
				COPY_PHASE_STRIP = NO;
				DEBUG_INFORMATION_FORMAT = dwarf;
				ENABLE_STRICT_OBJC_MSGSEND = YES;
				ENABLE_TESTABILITY = YES;
				GCC_C_LANGUAGE_STANDARD = gnu11;
				GCC_DYNAMIC_NO_PIC = NO;
				GCC_NO_COMMON_BLOCKS = YES;
				GCC_OPTIMIZATION_LEVEL = 0;
				GCC_PREPROCESSOR_DEFINITIONS = (
					"DEBUG=1",
					"$(inherited)",
				);
				GCC_WARN_64_TO_32_BIT_CONVERSION = YES;
				GCC_WARN_ABOUT_RETURN_TYPE = YES_ERROR;
				GCC_WARN_UNDECLARED_SELECTOR = YES;
				GCC_WARN_UNINITIALIZED_AUTOS = YES_AGGRESSIVE;
				GCC_WARN_UNUSED_FUNCTION = YES;
				GCC_WARN_UNUSED_VARIABLE = YES;
				IPHONEOS_DEPLOYMENT_TARGET = 15.5;
				MTL_ENABLE_DEBUG_INFO = INCLUDE_SOURCE;
				MTL_FAST_MATH = YES;
				ONLY_ACTIVE_ARCH = YES;
				SDKROOT = iphoneos;
				SWIFT_ACTIVE_COMPILATION_CONDITIONS = DEBUG;
				SWIFT_OPTIMIZATION_LEVEL = "-Onone";
			};
			name = Debug;
		};
		7ED4335C298D62D3004E8AD1 /* Release */ = {
			isa = XCBuildConfiguration;
			buildSettings = {
				ALWAYS_SEARCH_USER_PATHS = NO;
				CLANG_ANALYZER_NONNULL = YES;
				CLANG_ANALYZER_NUMBER_OBJECT_CONVERSION = YES_AGGRESSIVE;
				CLANG_CXX_LANGUAGE_STANDARD = "gnu++17";
				CLANG_ENABLE_MODULES = YES;
				CLANG_ENABLE_OBJC_ARC = YES;
				CLANG_ENABLE_OBJC_WEAK = YES;
				CLANG_WARN_BLOCK_CAPTURE_AUTORELEASING = YES;
				CLANG_WARN_BOOL_CONVERSION = YES;
				CLANG_WARN_COMMA = YES;
				CLANG_WARN_CONSTANT_CONVERSION = YES;
				CLANG_WARN_DEPRECATED_OBJC_IMPLEMENTATIONS = YES;
				CLANG_WARN_DIRECT_OBJC_ISA_USAGE = YES_ERROR;
				CLANG_WARN_DOCUMENTATION_COMMENTS = YES;
				CLANG_WARN_EMPTY_BODY = YES;
				CLANG_WARN_ENUM_CONVERSION = YES;
				CLANG_WARN_INFINITE_RECURSION = YES;
				CLANG_WARN_INT_CONVERSION = YES;
				CLANG_WARN_NON_LITERAL_NULL_CONVERSION = YES;
				CLANG_WARN_OBJC_IMPLICIT_RETAIN_SELF = YES;
				CLANG_WARN_OBJC_LITERAL_CONVERSION = YES;
				CLANG_WARN_OBJC_ROOT_CLASS = YES_ERROR;
				CLANG_WARN_QUOTED_INCLUDE_IN_FRAMEWORK_HEADER = YES;
				CLANG_WARN_RANGE_LOOP_ANALYSIS = YES;
				CLANG_WARN_STRICT_PROTOTYPES = YES;
				CLANG_WARN_SUSPICIOUS_MOVE = YES;
				CLANG_WARN_UNGUARDED_AVAILABILITY = YES_AGGRESSIVE;
				CLANG_WARN_UNREACHABLE_CODE = YES;
				CLANG_WARN__DUPLICATE_METHOD_MATCH = YES;
				COPY_PHASE_STRIP = NO;
				DEBUG_INFORMATION_FORMAT = "dwarf-with-dsym";
				ENABLE_NS_ASSERTIONS = NO;
				ENABLE_STRICT_OBJC_MSGSEND = YES;
				GCC_C_LANGUAGE_STANDARD = gnu11;
				GCC_NO_COMMON_BLOCKS = YES;
				GCC_WARN_64_TO_32_BIT_CONVERSION = YES;
				GCC_WARN_ABOUT_RETURN_TYPE = YES_ERROR;
				GCC_WARN_UNDECLARED_SELECTOR = YES;
				GCC_WARN_UNINITIALIZED_AUTOS = YES_AGGRESSIVE;
				GCC_WARN_UNUSED_FUNCTION = YES;
				GCC_WARN_UNUSED_VARIABLE = YES;
				IPHONEOS_DEPLOYMENT_TARGET = 15.5;
				MTL_ENABLE_DEBUG_INFO = NO;
				MTL_FAST_MATH = YES;
				SDKROOT = iphoneos;
				SWIFT_COMPILATION_MODE = wholemodule;
				SWIFT_OPTIMIZATION_LEVEL = "-O";
				VALIDATE_PRODUCT = YES;
			};
			name = Release;
		};
		7ED4335E298D62D3004E8AD1 /* Debug */ = {
			isa = XCBuildConfiguration;
			buildSettings = {
				ASSETCATALOG_COMPILER_APPICON_NAME = AppIcon;
				ASSETCATALOG_COMPILER_GLOBAL_ACCENT_COLOR_NAME = AccentColor;
				CODE_SIGN_STYLE = Automatic;
				CURRENT_PROJECT_VERSION = 1;
				DEVELOPMENT_TEAM = 97E4ZMM938;
				GENERATE_INFOPLIST_FILE = YES;
				INFOPLIST_FILE = Corgify/Info.plist;
				INFOPLIST_KEY_UIApplicationSupportsIndirectInputEvents = YES;
				INFOPLIST_KEY_UILaunchStoryboardName = LaunchScreen;
				INFOPLIST_KEY_UISupportedInterfaceOrientations_iPad = "UIInterfaceOrientationPortrait UIInterfaceOrientationPortraitUpsideDown UIInterfaceOrientationLandscapeLeft UIInterfaceOrientationLandscapeRight";
				INFOPLIST_KEY_UISupportedInterfaceOrientations_iPhone = "UIInterfaceOrientationPortrait UIInterfaceOrientationLandscapeLeft UIInterfaceOrientationLandscapeRight";
				LD_RUNPATH_SEARCH_PATHS = (
					"$(inherited)",
					"@executable_path/Frameworks",
				);
				MARKETING_VERSION = 1.0;
				PRODUCT_BUNDLE_IDENTIFIER = dareToDev.Corgify;
				PRODUCT_NAME = "$(TARGET_NAME)";
				SWIFT_EMIT_LOC_STRINGS = YES;
				SWIFT_VERSION = 5.0;
				TARGETED_DEVICE_FAMILY = "1,2";
			};
			name = Debug;
		};
		7ED4335F298D62D3004E8AD1 /* Release */ = {
			isa = XCBuildConfiguration;
			buildSettings = {
				ASSETCATALOG_COMPILER_APPICON_NAME = AppIcon;
				ASSETCATALOG_COMPILER_GLOBAL_ACCENT_COLOR_NAME = AccentColor;
				CODE_SIGN_STYLE = Automatic;
				CURRENT_PROJECT_VERSION = 1;
				DEVELOPMENT_TEAM = 97E4ZMM938;
				GENERATE_INFOPLIST_FILE = YES;
				INFOPLIST_FILE = Corgify/Info.plist;
				INFOPLIST_KEY_UIApplicationSupportsIndirectInputEvents = YES;
				INFOPLIST_KEY_UILaunchStoryboardName = LaunchScreen;
				INFOPLIST_KEY_UISupportedInterfaceOrientations_iPad = "UIInterfaceOrientationPortrait UIInterfaceOrientationPortraitUpsideDown UIInterfaceOrientationLandscapeLeft UIInterfaceOrientationLandscapeRight";
				INFOPLIST_KEY_UISupportedInterfaceOrientations_iPhone = "UIInterfaceOrientationPortrait UIInterfaceOrientationLandscapeLeft UIInterfaceOrientationLandscapeRight";
				LD_RUNPATH_SEARCH_PATHS = (
					"$(inherited)",
					"@executable_path/Frameworks",
				);
				MARKETING_VERSION = 1.0;
				PRODUCT_BUNDLE_IDENTIFIER = dareToDev.Corgify;
				PRODUCT_NAME = "$(TARGET_NAME)";
				SWIFT_EMIT_LOC_STRINGS = YES;
				SWIFT_VERSION = 5.0;
				TARGETED_DEVICE_FAMILY = "1,2";
			};
			name = Release;
		};
/* End XCBuildConfiguration section */

/* Begin XCConfigurationList section */
		7ED43344298D62D1004E8AD1 /* Build configuration list for PBXProject "Corgify" */ = {
			isa = XCConfigurationList;
			buildConfigurations = (
				7ED4335B298D62D3004E8AD1 /* Debug */,
				7ED4335C298D62D3004E8AD1 /* Release */,
			);
			defaultConfigurationIsVisible = 0;
			defaultConfigurationName = Release;
		};
		7ED4335D298D62D3004E8AD1 /* Build configuration list for PBXNativeTarget "Corgify" */ = {
			isa = XCConfigurationList;
			buildConfigurations = (
				7ED4335E298D62D3004E8AD1 /* Debug */,
				7ED4335F298D62D3004E8AD1 /* Release */,
			);
			defaultConfigurationIsVisible = 0;
			defaultConfigurationName = Release;
		};
/* End XCConfigurationList section */
	};
	rootObject = 7ED43341298D62D1004E8AD1 /* Project object */;
}
